// !$*UTF8*$!
{
	archiveVersion = 1;
	classes = {
	};
	objectVersion = 50;
	objects = {

/* Begin PBXBuildFile section */
		C935012C24DDBD56002A049A /* ForwardLightningScene.m in Sources */ = {isa = PBXBuildFile; fileRef = C935012B24DDBD56002A049A /* ForwardLightningScene.m */; };
		C93EF7C524DE96EC008E4461 /* TexturedMeshShaders.metal in Sources */ = {isa = PBXBuildFile; fileRef = C93EF7C424DE96EC008E4461 /* TexturedMeshShaders.metal */; };
		C93EF7CA24DE9B24008E4461 /* rock1.png in Resources */ = {isa = PBXBuildFile; fileRef = C93EF7C824DE9B23008E4461 /* rock1.png */; };
		C93EF7CB24DE9B24008E4461 /* rock2.png in Resources */ = {isa = PBXBuildFile; fileRef = C93EF7C924DE9B23008E4461 /* rock2.png */; };
		C93EF7CE24DE9ED9008E4461 /* grass1.png in Resources */ = {isa = PBXBuildFile; fileRef = C93EF7CC24DE9ED9008E4461 /* grass1.png */; };
		C93EF7CF24DE9ED9008E4461 /* grass2.png in Resources */ = {isa = PBXBuildFile; fileRef = C93EF7CD24DE9ED9008E4461 /* grass2.png */; };
		C93EF7D424DEA542008E4461 /* wood1.png in Resources */ = {isa = PBXBuildFile; fileRef = C93EF7D224DEA542008E4461 /* wood1.png */; };
		C93EF7D524DEA542008E4461 /* wood2.png in Resources */ = {isa = PBXBuildFile; fileRef = C93EF7D324DEA542008E4461 /* wood2.png */; };
		C93EF7DE24DECDAF008E4461 /* math_utils.m in Sources */ = {isa = PBXBuildFile; fileRef = C93EF7DD24DECDAF008E4461 /* math_utils.m */; };
		C93EF7E024DF0FF0008E4461 /* placeholder0.png in Resources */ = {isa = PBXBuildFile; fileRef = C93EF7DF24DF0FF0008E4461 /* placeholder0.png */; };
		C94B063024DBDBE50050EFA3 /* AppDelegate.m in Sources */ = {isa = PBXBuildFile; fileRef = C94B062F24DBDBE50050EFA3 /* AppDelegate.m */; };
		C94B063224DBDBE70050EFA3 /* Assets.xcassets in Resources */ = {isa = PBXBuildFile; fileRef = C94B063124DBDBE70050EFA3 /* Assets.xcassets */; };
		C94B063524DBDBE70050EFA3 /* MainMenu.xib in Resources */ = {isa = PBXBuildFile; fileRef = C94B063324DBDBE70050EFA3 /* MainMenu.xib */; };
		C94B063824DBDBE70050EFA3 /* main.m in Sources */ = {isa = PBXBuildFile; fileRef = C94B063724DBDBE70050EFA3 /* main.m */; };
		C94B064324DBDC050050EFA3 /* Metal.framework in Frameworks */ = {isa = PBXBuildFile; fileRef = C94B064024DBDC050050EFA3 /* Metal.framework */; };
		C94B064424DBDC050050EFA3 /* MetalKit.framework in Frameworks */ = {isa = PBXBuildFile; fileRef = C94B064124DBDC050050EFA3 /* MetalKit.framework */; };
		C94B064524DBDC050050EFA3 /* MetalPerformanceShaders.framework in Frameworks */ = {isa = PBXBuildFile; fileRef = C94B064224DBDC050050EFA3 /* MetalPerformanceShaders.framework */; };
		C94B064924DBDC640050EFA3 /* MainWindowController.m in Sources */ = {isa = PBXBuildFile; fileRef = C94B064724DBDC640050EFA3 /* MainWindowController.m */; };
		C94B064A24DBDC640050EFA3 /* MainWindowController.xib in Resources */ = {isa = PBXBuildFile; fileRef = C94B064824DBDC640050EFA3 /* MainWindowController.xib */; };
		C94B064D24DBDF340050EFA3 /* SceneRenderer.m in Sources */ = {isa = PBXBuildFile; fileRef = C94B064C24DBDF340050EFA3 /* SceneRenderer.m */; };
		C94B065024DC4D140050EFA3 /* Scene.m in Sources */ = {isa = PBXBuildFile; fileRef = C94B064F24DC4D140050EFA3 /* Scene.m */; };
		C9898AE524E46B4E00CDE2B3 /* placeholder.png in Resources */ = {isa = PBXBuildFile; fileRef = C9898AE424E46B4E00CDE2B3 /* placeholder.png */; };
		C9CF232724E08E380005B049 /* TexturedMeshShadersArg.metal in Sources */ = {isa = PBXBuildFile; fileRef = C9CF232624E08E380005B049 /* TexturedMeshShadersArg.metal */; };
/* End PBXBuildFile section */

/* Begin PBXFileReference section */
		C935012A24DDBD56002A049A /* ForwardLightningScene.h */ = {isa = PBXFileReference; lastKnownFileType = sourcecode.c.h; path = ForwardLightningScene.h; sourceTree = "<group>"; };
		C935012B24DDBD56002A049A /* ForwardLightningScene.m */ = {isa = PBXFileReference; lastKnownFileType = sourcecode.c.objc; path = ForwardLightningScene.m; sourceTree = "<group>"; };
		C93EF7C424DE96EC008E4461 /* TexturedMeshShaders.metal */ = {isa = PBXFileReference; lastKnownFileType = sourcecode.metal; path = TexturedMeshShaders.metal; sourceTree = "<group>"; };
		C93EF7C624DE9705008E4461 /* TexturedMeshUniforms.h */ = {isa = PBXFileReference; lastKnownFileType = sourcecode.c.h; path = TexturedMeshUniforms.h; sourceTree = "<group>"; };
		C93EF7C824DE9B23008E4461 /* rock1.png */ = {isa = PBXFileReference; lastKnownFileType = image.png; path = rock1.png; sourceTree = "<group>"; };
		C93EF7C924DE9B23008E4461 /* rock2.png */ = {isa = PBXFileReference; lastKnownFileType = image.png; path = rock2.png; sourceTree = "<group>"; };
		C93EF7CC24DE9ED9008E4461 /* grass1.png */ = {isa = PBXFileReference; lastKnownFileType = image.png; path = grass1.png; sourceTree = "<group>"; };
		C93EF7CD24DE9ED9008E4461 /* grass2.png */ = {isa = PBXFileReference; lastKnownFileType = image.png; path = grass2.png; sourceTree = "<group>"; };
		C93EF7D224DEA542008E4461 /* wood1.png */ = {isa = PBXFileReference; lastKnownFileType = image.png; path = wood1.png; sourceTree = "<group>"; };
		C93EF7D324DEA542008E4461 /* wood2.png */ = {isa = PBXFileReference; lastKnownFileType = image.png; path = wood2.png; sourceTree = "<group>"; };
		C93EF7D824DEBB3B008E4461 /* VertexNUV.h */ = {isa = PBXFileReference; lastKnownFileType = sourcecode.c.h; path = VertexNUV.h; sourceTree = "<group>"; };
		C93EF7DC24DECD9E008E4461 /* math_utils.h */ = {isa = PBXFileReference; lastKnownFileType = sourcecode.c.h; path = math_utils.h; sourceTree = "<group>"; };
		C93EF7DD24DECDAF008E4461 /* math_utils.m */ = {isa = PBXFileReference; lastKnownFileType = sourcecode.c.objc; path = math_utils.m; sourceTree = "<group>"; };
		C93EF7DF24DF0FF0008E4461 /* placeholder0.png */ = {isa = PBXFileReference; lastKnownFileType = image.png; path = placeholder0.png; sourceTree = "<group>"; };
		C94B062B24DBDBE50050EFA3 /* Learn Metal Graphics.app */ = {isa = PBXFileReference; explicitFileType = wrapper.application; includeInIndex = 0; path = "Learn Metal Graphics.app"; sourceTree = BUILT_PRODUCTS_DIR; };
		C94B062E24DBDBE50050EFA3 /* AppDelegate.h */ = {isa = PBXFileReference; lastKnownFileType = sourcecode.c.h; path = AppDelegate.h; sourceTree = "<group>"; };
		C94B062F24DBDBE50050EFA3 /* AppDelegate.m */ = {isa = PBXFileReference; lastKnownFileType = sourcecode.c.objc; path = AppDelegate.m; sourceTree = "<group>"; };
		C94B063124DBDBE70050EFA3 /* Assets.xcassets */ = {isa = PBXFileReference; lastKnownFileType = folder.assetcatalog; path = Assets.xcassets; sourceTree = "<group>"; };
		C94B063424DBDBE70050EFA3 /* Base */ = {isa = PBXFileReference; lastKnownFileType = file.xib; name = Base; path = Base.lproj/MainMenu.xib; sourceTree = "<group>"; };
		C94B063624DBDBE70050EFA3 /* Info.plist */ = {isa = PBXFileReference; lastKnownFileType = text.plist.xml; path = Info.plist; sourceTree = "<group>"; };
		C94B063724DBDBE70050EFA3 /* main.m */ = {isa = PBXFileReference; lastKnownFileType = sourcecode.c.objc; path = main.m; sourceTree = "<group>"; };
		C94B063924DBDBE70050EFA3 /* Learn_Metal_Graphics.entitlements */ = {isa = PBXFileReference; lastKnownFileType = text.plist.entitlements; path = Learn_Metal_Graphics.entitlements; sourceTree = "<group>"; };
		C94B064024DBDC050050EFA3 /* Metal.framework */ = {isa = PBXFileReference; lastKnownFileType = wrapper.framework; name = Metal.framework; path = System/Library/Frameworks/Metal.framework; sourceTree = SDKROOT; };
		C94B064124DBDC050050EFA3 /* MetalKit.framework */ = {isa = PBXFileReference; lastKnownFileType = wrapper.framework; name = MetalKit.framework; path = System/Library/Frameworks/MetalKit.framework; sourceTree = SDKROOT; };
		C94B064224DBDC050050EFA3 /* MetalPerformanceShaders.framework */ = {isa = PBXFileReference; lastKnownFileType = wrapper.framework; name = MetalPerformanceShaders.framework; path = System/Library/Frameworks/MetalPerformanceShaders.framework; sourceTree = SDKROOT; };
		C94B064624DBDC640050EFA3 /* MainWindowController.h */ = {isa = PBXFileReference; lastKnownFileType = sourcecode.c.h; path = MainWindowController.h; sourceTree = "<group>"; };
		C94B064724DBDC640050EFA3 /* MainWindowController.m */ = {isa = PBXFileReference; lastKnownFileType = sourcecode.c.objc; path = MainWindowController.m; sourceTree = "<group>"; };
		C94B064824DBDC640050EFA3 /* MainWindowController.xib */ = {isa = PBXFileReference; lastKnownFileType = file.xib; path = MainWindowController.xib; sourceTree = "<group>"; };
		C94B064B24DBDF340050EFA3 /* SceneRenderer.h */ = {isa = PBXFileReference; lastKnownFileType = sourcecode.c.h; path = SceneRenderer.h; sourceTree = "<group>"; };
		C94B064C24DBDF340050EFA3 /* SceneRenderer.m */ = {isa = PBXFileReference; lastKnownFileType = sourcecode.c.objc; path = SceneRenderer.m; sourceTree = "<group>"; };
		C94B064E24DC4D140050EFA3 /* Scene.h */ = {isa = PBXFileReference; lastKnownFileType = sourcecode.c.h; path = Scene.h; sourceTree = "<group>"; };
		C94B064F24DC4D140050EFA3 /* Scene.m */ = {isa = PBXFileReference; lastKnownFileType = sourcecode.c.objc; path = Scene.m; sourceTree = "<group>"; };
		C95D2C8125B341BB00CF8E22 /* PointLight.h */ = {isa = PBXFileReference; lastKnownFileType = sourcecode.c.h; path = PointLight.h; sourceTree = "<group>"; };
		C9898AE424E46B4E00CDE2B3 /* placeholder.png */ = {isa = PBXFileReference; lastKnownFileType = image.png; path = placeholder.png; sourceTree = "<group>"; };
		C9CF232624E08E380005B049 /* TexturedMeshShadersArg.metal */ = {isa = PBXFileReference; lastKnownFileType = sourcecode.metal; path = TexturedMeshShadersArg.metal; sourceTree = "<group>"; };
/* End PBXFileReference section */

/* Begin PBXFrameworksBuildPhase section */
		C94B062824DBDBE50050EFA3 /* Frameworks */ = {
			isa = PBXFrameworksBuildPhase;
			buildActionMask = 2147483647;
			files = (
				C94B064324DBDC050050EFA3 /* Metal.framework in Frameworks */,
				C94B064524DBDC050050EFA3 /* MetalPerformanceShaders.framework in Frameworks */,
				C94B064424DBDC050050EFA3 /* MetalKit.framework in Frameworks */,
			);
			runOnlyForDeploymentPostprocessing = 0;
		};
/* End PBXFrameworksBuildPhase section */

/* Begin PBXGroup section */
		C93EF7C724DE98CF008E4461 /* Resources */ = {
			isa = PBXGroup;
			children = (
				C93EF7C824DE9B23008E4461 /* rock1.png */,
				C93EF7C924DE9B23008E4461 /* rock2.png */,
				C93EF7CC24DE9ED9008E4461 /* grass1.png */,
				C93EF7CD24DE9ED9008E4461 /* grass2.png */,
				C93EF7D224DEA542008E4461 /* wood1.png */,
				C93EF7D324DEA542008E4461 /* wood2.png */,
				C93EF7DF24DF0FF0008E4461 /* placeholder0.png */,
				C9898AE424E46B4E00CDE2B3 /* placeholder.png */,
			);
			path = Resources;
			sourceTree = "<group>";
		};
		C93EF7D624DEBAFE008E4461 /* Shared data */ = {
			isa = PBXGroup;
			children = (
				C93EF7D824DEBB3B008E4461 /* VertexNUV.h */,
				C95D2C8125B341BB00CF8E22 /* PointLight.h */,
			);
			name = "Shared data";
			sourceTree = "<group>";
		};
		C93EF7D724DEBB14008E4461 /* Forward lightning */ = {
			isa = PBXGroup;
			children = (
				C935012A24DDBD56002A049A /* ForwardLightningScene.h */,
				C935012B24DDBD56002A049A /* ForwardLightningScene.m */,
				C93EF7C624DE9705008E4461 /* TexturedMeshUniforms.h */,
				C93EF7C424DE96EC008E4461 /* TexturedMeshShaders.metal */,
				C9CF232624E08E380005B049 /* TexturedMeshShadersArg.metal */,
			);
			name = "Forward lightning";
			sourceTree = "<group>";
		};
		C93EF7DA24DECD5E008E4461 /* Math utils */ = {
			isa = PBXGroup;
			children = (
				C93EF7DC24DECD9E008E4461 /* math_utils.h */,
				C93EF7DD24DECDAF008E4461 /* math_utils.m */,
			);
			name = "Math utils";
			sourceTree = "<group>";
		};
		C94B062224DBDBE50050EFA3 = {
			isa = PBXGroup;
			children = (
				C94B062D24DBDBE50050EFA3 /* Learn Metal Graphics */,
				C94B062C24DBDBE50050EFA3 /* Products */,
				C94B063F24DBDC040050EFA3 /* Frameworks */,
			);
			sourceTree = "<group>";
		};
		C94B062C24DBDBE50050EFA3 /* Products */ = {
			isa = PBXGroup;
			children = (
				C94B062B24DBDBE50050EFA3 /* Learn Metal Graphics.app */,
			);
			name = Products;
			sourceTree = "<group>";
		};
		C94B062D24DBDBE50050EFA3 /* Learn Metal Graphics */ = {
			isa = PBXGroup;
			children = (
				C94B062E24DBDBE50050EFA3 /* AppDelegate.h */,
				C94B062F24DBDBE50050EFA3 /* AppDelegate.m */,
				C94B063324DBDBE70050EFA3 /* MainMenu.xib */,
				C94B063124DBDBE70050EFA3 /* Assets.xcassets */,
				C93EF7C724DE98CF008E4461 /* Resources */,
				C93EF7DA24DECD5E008E4461 /* Math utils */,
				C93EF7D624DEBAFE008E4461 /* Shared data */,
				C95D2C7E25B31C1E00CF8E22 /* Scene */,
				C94B064B24DBDF340050EFA3 /* SceneRenderer.h */,
				C94B064C24DBDF340050EFA3 /* SceneRenderer.m */,
				C94B064624DBDC640050EFA3 /* MainWindowController.h */,
				C94B064724DBDC640050EFA3 /* MainWindowController.m */,
				C94B064824DBDC640050EFA3 /* MainWindowController.xib */,
				C94B063624DBDBE70050EFA3 /* Info.plist */,
				C94B063724DBDBE70050EFA3 /* main.m */,
				C94B063924DBDBE70050EFA3 /* Learn_Metal_Graphics.entitlements */,
			);
			path = "Learn Metal Graphics";
			sourceTree = "<group>";
		};
		C94B063F24DBDC040050EFA3 /* Frameworks */ = {
			isa = PBXGroup;
			children = (
				C94B064024DBDC050050EFA3 /* Metal.framework */,
				C94B064124DBDC050050EFA3 /* MetalKit.framework */,
				C94B064224DBDC050050EFA3 /* MetalPerformanceShaders.framework */,
			);
			name = Frameworks;
			sourceTree = "<group>";
		};
		C95D2C7E25B31C1E00CF8E22 /* Scene */ = {
			isa = PBXGroup;
			children = (
				C94B064E24DC4D140050EFA3 /* Scene.h */,
				C94B064F24DC4D140050EFA3 /* Scene.m */,
				C93EF7D724DEBB14008E4461 /* Forward lightning */,
			);
			name = Scene;
			sourceTree = "<group>";
		};
/* End PBXGroup section */

/* Begin PBXNativeTarget section */
		C94B062A24DBDBE50050EFA3 /* Learn Metal Graphics */ = {
			isa = PBXNativeTarget;
			buildConfigurationList = C94B063C24DBDBE70050EFA3 /* Build configuration list for PBXNativeTarget "Learn Metal Graphics" */;
			buildPhases = (
				C94B062724DBDBE50050EFA3 /* Sources */,
				C94B062824DBDBE50050EFA3 /* Frameworks */,
				C94B062924DBDBE50050EFA3 /* Resources */,
			);
			buildRules = (
			);
			dependencies = (
			);
			name = "Learn Metal Graphics";
			productName = "Learn Metal Graphics";
			productReference = C94B062B24DBDBE50050EFA3 /* Learn Metal Graphics.app */;
			productType = "com.apple.product-type.application";
		};
/* End PBXNativeTarget section */

/* Begin PBXProject section */
		C94B062324DBDBE50050EFA3 /* Project object */ = {
			isa = PBXProject;
			attributes = {
				LastUpgradeCheck = 1200;
				ORGANIZATIONNAME = "Eugene Lutz";
				TargetAttributes = {
					C94B062A24DBDBE50050EFA3 = {
						CreatedOnToolsVersion = 11.6;
					};
				};
			};
			buildConfigurationList = C94B062624DBDBE50050EFA3 /* Build configuration list for PBXProject "Learn Metal Graphics" */;
			compatibilityVersion = "Xcode 9.3";
			developmentRegion = en;
			hasScannedForEncodings = 0;
			knownRegions = (
				en,
				Base,
			);
			mainGroup = C94B062224DBDBE50050EFA3;
			productRefGroup = C94B062C24DBDBE50050EFA3 /* Products */;
			projectDirPath = "";
			projectRoot = "";
			targets = (
				C94B062A24DBDBE50050EFA3 /* Learn Metal Graphics */,
			);
		};
/* End PBXProject section */

/* Begin PBXResourcesBuildPhase section */
		C94B062924DBDBE50050EFA3 /* Resources */ = {
			isa = PBXResourcesBuildPhase;
			buildActionMask = 2147483647;
			files = (
				C93EF7CF24DE9ED9008E4461 /* grass2.png in Resources */,
				C93EF7D524DEA542008E4461 /* wood2.png in Resources */,
				C93EF7CE24DE9ED9008E4461 /* grass1.png in Resources */,
				C93EF7E024DF0FF0008E4461 /* placeholder0.png in Resources */,
				C93EF7CA24DE9B24008E4461 /* rock1.png in Resources */,
				C94B063224DBDBE70050EFA3 /* Assets.xcassets in Resources */,
				C93EF7D424DEA542008E4461 /* wood1.png in Resources */,
				C93EF7CB24DE9B24008E4461 /* rock2.png in Resources */,
				C94B064A24DBDC640050EFA3 /* MainWindowController.xib in Resources */,
				C9898AE524E46B4E00CDE2B3 /* placeholder.png in Resources */,
				C94B063524DBDBE70050EFA3 /* MainMenu.xib in Resources */,
			);
			runOnlyForDeploymentPostprocessing = 0;
		};
/* End PBXResourcesBuildPhase section */

/* Begin PBXSourcesBuildPhase section */
		C94B062724DBDBE50050EFA3 /* Sources */ = {
			isa = PBXSourcesBuildPhase;
			buildActionMask = 2147483647;
			files = (
				C94B064924DBDC640050EFA3 /* MainWindowController.m in Sources */,
				C93EF7DE24DECDAF008E4461 /* math_utils.m in Sources */,
				C94B063824DBDBE70050EFA3 /* main.m in Sources */,
				C94B063024DBDBE50050EFA3 /* AppDelegate.m in Sources */,
				C94B064D24DBDF340050EFA3 /* SceneRenderer.m in Sources */,
				C94B065024DC4D140050EFA3 /* Scene.m in Sources */,
				C9CF232724E08E380005B049 /* TexturedMeshShadersArg.metal in Sources */,
				C93EF7C524DE96EC008E4461 /* TexturedMeshShaders.metal in Sources */,
				C935012C24DDBD56002A049A /* ForwardLightningScene.m in Sources */,
			);
			runOnlyForDeploymentPostprocessing = 0;
		};
/* End PBXSourcesBuildPhase section */

/* Begin PBXVariantGroup section */
		C94B063324DBDBE70050EFA3 /* MainMenu.xib */ = {
			isa = PBXVariantGroup;
			children = (
				C94B063424DBDBE70050EFA3 /* Base */,
			);
			name = MainMenu.xib;
			sourceTree = "<group>";
		};
/* End PBXVariantGroup section */

/* Begin XCBuildConfiguration section */
		C94B063A24DBDBE70050EFA3 /* Debug */ = {
			isa = XCBuildConfiguration;
			buildSettings = {
				ALWAYS_SEARCH_USER_PATHS = NO;
				CLANG_ANALYZER_NONNULL = YES;
				CLANG_ANALYZER_NUMBER_OBJECT_CONVERSION = YES_AGGRESSIVE;
				CLANG_CXX_LANGUAGE_STANDARD = "gnu++14";
				CLANG_CXX_LIBRARY = "libc++";
				CLANG_ENABLE_MODULES = YES;
				CLANG_ENABLE_OBJC_ARC = YES;
				CLANG_ENABLE_OBJC_WEAK = YES;
				CLANG_WARN_BLOCK_CAPTURE_AUTORELEASING = YES;
				CLANG_WARN_BOOL_CONVERSION = YES;
				CLANG_WARN_COMMA = YES;
				CLANG_WARN_CONSTANT_CONVERSION = YES;
				CLANG_WARN_DEPRECATED_OBJC_IMPLEMENTATIONS = YES;
				CLANG_WARN_DIRECT_OBJC_ISA_USAGE = YES_ERROR;
				CLANG_WARN_DOCUMENTATION_COMMENTS = YES;
				CLANG_WARN_EMPTY_BODY = YES;
				CLANG_WARN_ENUM_CONVERSION = YES;
				CLANG_WARN_INFINITE_RECURSION = YES;
				CLANG_WARN_INT_CONVERSION = YES;
				CLANG_WARN_NON_LITERAL_NULL_CONVERSION = YES;
				CLANG_WARN_OBJC_IMPLICIT_RETAIN_SELF = YES;
				CLANG_WARN_OBJC_LITERAL_CONVERSION = YES;
				CLANG_WARN_OBJC_ROOT_CLASS = YES_ERROR;
				CLANG_WARN_QUOTED_INCLUDE_IN_FRAMEWORK_HEADER = YES;
				CLANG_WARN_RANGE_LOOP_ANALYSIS = YES;
				CLANG_WARN_STRICT_PROTOTYPES = YES;
				CLANG_WARN_SUSPICIOUS_MOVE = YES;
				CLANG_WARN_UNGUARDED_AVAILABILITY = YES_AGGRESSIVE;
				CLANG_WARN_UNREACHABLE_CODE = YES;
				CLANG_WARN__DUPLICATE_METHOD_MATCH = YES;
				COPY_PHASE_STRIP = NO;
				DEBUG_INFORMATION_FORMAT = dwarf;
				ENABLE_STRICT_OBJC_MSGSEND = YES;
				ENABLE_TESTABILITY = YES;
				GCC_C_LANGUAGE_STANDARD = gnu11;
				GCC_DYNAMIC_NO_PIC = NO;
				GCC_NO_COMMON_BLOCKS = YES;
				GCC_OPTIMIZATION_LEVEL = 0;
				GCC_PREPROCESSOR_DEFINITIONS = (
					"DEBUG=1",
					"$(inherited)",
				);
				GCC_WARN_64_TO_32_BIT_CONVERSION = YES;
				GCC_WARN_ABOUT_RETURN_TYPE = YES_ERROR;
				GCC_WARN_UNDECLARED_SELECTOR = YES;
				GCC_WARN_UNINITIALIZED_AUTOS = YES_AGGRESSIVE;
				GCC_WARN_UNUSED_FUNCTION = YES;
				GCC_WARN_UNUSED_VARIABLE = YES;
				MTL_ENABLE_DEBUG_INFO = INCLUDE_SOURCE;
				MTL_FAST_MATH = YES;
				ONLY_ACTIVE_ARCH = YES;
				SDKROOT = macosx;
			};
			name = Debug;
		};
		C94B063B24DBDBE70050EFA3 /* Release */ = {
			isa = XCBuildConfiguration;
			buildSettings = {
				ALWAYS_SEARCH_USER_PATHS = NO;
				CLANG_ANALYZER_NONNULL = YES;
				CLANG_ANALYZER_NUMBER_OBJECT_CONVERSION = YES_AGGRESSIVE;
				CLANG_CXX_LANGUAGE_STANDARD = "gnu++14";
				CLANG_CXX_LIBRARY = "libc++";
				CLANG_ENABLE_MODULES = YES;
				CLANG_ENABLE_OBJC_ARC = YES;
				CLANG_ENABLE_OBJC_WEAK = YES;
				CLANG_WARN_BLOCK_CAPTURE_AUTORELEASING = YES;
				CLANG_WARN_BOOL_CONVERSION = YES;
				CLANG_WARN_COMMA = YES;
				CLANG_WARN_CONSTANT_CONVERSION = YES;
				CLANG_WARN_DEPRECATED_OBJC_IMPLEMENTATIONS = YES;
				CLANG_WARN_DIRECT_OBJC_ISA_USAGE = YES_ERROR;
				CLANG_WARN_DOCUMENTATION_COMMENTS = YES;
				CLANG_WARN_EMPTY_BODY = YES;
				CLANG_WARN_ENUM_CONVERSION = YES;
				CLANG_WARN_INFINITE_RECURSION = YES;
				CLANG_WARN_INT_CONVERSION = YES;
				CLANG_WARN_NON_LITERAL_NULL_CONVERSION = YES;
				CLANG_WARN_OBJC_IMPLICIT_RETAIN_SELF = YES;
				CLANG_WARN_OBJC_LITERAL_CONVERSION = YES;
				CLANG_WARN_OBJC_ROOT_CLASS = YES_ERROR;
				CLANG_WARN_QUOTED_INCLUDE_IN_FRAMEWORK_HEADER = YES;
				CLANG_WARN_RANGE_LOOP_ANALYSIS = YES;
				CLANG_WARN_STRICT_PROTOTYPES = YES;
				CLANG_WARN_SUSPICIOUS_MOVE = YES;
				CLANG_WARN_UNGUARDED_AVAILABILITY = YES_AGGRESSIVE;
				CLANG_WARN_UNREACHABLE_CODE = YES;
				CLANG_WARN__DUPLICATE_METHOD_MATCH = YES;
				COPY_PHASE_STRIP = NO;
				DEBUG_INFORMATION_FORMAT = "dwarf-with-dsym";
				ENABLE_NS_ASSERTIONS = NO;
				ENABLE_STRICT_OBJC_MSGSEND = YES;
				GCC_C_LANGUAGE_STANDARD = gnu11;
				GCC_NO_COMMON_BLOCKS = YES;
				GCC_WARN_64_TO_32_BIT_CONVERSION = YES;
				GCC_WARN_ABOUT_RETURN_TYPE = YES_ERROR;
				GCC_WARN_UNDECLARED_SELECTOR = YES;
				GCC_WARN_UNINITIALIZED_AUTOS = YES_AGGRESSIVE;
				GCC_WARN_UNUSED_FUNCTION = YES;
				GCC_WARN_UNUSED_VARIABLE = YES;
				MTL_ENABLE_DEBUG_INFO = NO;
				MTL_FAST_MATH = YES;
				SDKROOT = macosx;
			};
			name = Release;
		};
		C94B063D24DBDBE70050EFA3 /* Debug */ = {
			isa = XCBuildConfiguration;
			buildSettings = {
				ASSETCATALOG_COMPILER_APPICON_NAME = AppIcon;
				CODE_SIGN_ENTITLEMENTS = "Learn Metal Graphics/Learn_Metal_Graphics.entitlements";
				CODE_SIGN_IDENTITY = "-";
				CODE_SIGN_STYLE = Automatic;
				COMBINE_HIDPI_IMAGES = YES;
				DEVELOPMENT_TEAM = 7N525N28LV;
				ENABLE_HARDENED_RUNTIME = YES;
				INFOPLIST_FILE = "Learn Metal Graphics/Info.plist";
				LD_RUNPATH_SEARCH_PATHS = (
					"$(inherited)",
					"@executable_path/../Frameworks",
				);
				PRODUCT_BUNDLE_IDENTIFIER = "com.Eugene-Lutz.Learn-Metal-Graphics";
				PRODUCT_NAME = "$(TARGET_NAME)";
			};
			name = Debug;
		};
		C94B063E24DBDBE70050EFA3 /* Release */ = {
			isa = XCBuildConfiguration;
			buildSettings = {
				ASSETCATALOG_COMPILER_APPICON_NAME = AppIcon;
				CODE_SIGN_ENTITLEMENTS = "Learn Metal Graphics/Learn_Metal_Graphics.entitlements";
				CODE_SIGN_IDENTITY = "-";
				CODE_SIGN_STYLE = Automatic;
				COMBINE_HIDPI_IMAGES = YES;
				DEVELOPMENT_TEAM = 7N525N28LV;
				ENABLE_HARDENED_RUNTIME = YES;
				INFOPLIST_FILE = "Learn Metal Graphics/Info.plist";
				LD_RUNPATH_SEARCH_PATHS = (
					"$(inherited)",
					"@executable_path/../Frameworks",
				);
				PRODUCT_BUNDLE_IDENTIFIER = "com.Eugene-Lutz.Learn-Metal-Graphics";
				PRODUCT_NAME = "$(TARGET_NAME)";
			};
			name = Release;
		};
/* End XCBuildConfiguration section */

/* Begin XCConfigurationList section */
		C94B062624DBDBE50050EFA3 /* Build configuration list for PBXProject "Learn Metal Graphics" */ = {
			isa = XCConfigurationList;
			buildConfigurations = (
				C94B063A24DBDBE70050EFA3 /* Debug */,
				C94B063B24DBDBE70050EFA3 /* Release */,
			);
			defaultConfigurationIsVisible = 0;
			defaultConfigurationName = Release;
		};
		C94B063C24DBDBE70050EFA3 /* Build configuration list for PBXNativeTarget "Learn Metal Graphics" */ = {
			isa = XCConfigurationList;
			buildConfigurations = (
				C94B063D24DBDBE70050EFA3 /* Debug */,
				C94B063E24DBDBE70050EFA3 /* Release */,
			);
			defaultConfigurationIsVisible = 0;
			defaultConfigurationName = Release;
		};
/* End XCConfigurationList section */
	};
	rootObject = C94B062324DBDBE50050EFA3 /* Project object */;
}
